
Microsoft Visual Studio Solution File, Format Version 12.00
# Visual Studio Version 16
VisualStudioVersion = 16.0.29306.81
MinimumVisualStudioVersion = 10.0.40219.1
Project("{8BC9CEB8-8B4A-11D0-8D11-00A0C91BC942}") = "task92", "task92\task92.vcxproj", "{194A4130-51FD-4571-9FD7-6445DFA8C88C}"
EndProject
Global
	GlobalSection(SolutionConfigurationPlatforms) = preSolution
		Debug|x64 = Debug|x64
		Debug|x86 = Debug|x86
		Release|x64 = Release|x64
		Release|x86 = Release|x86
	EndGlobalSection
	GlobalSection(ProjectConfigurationPlatforms) = postSolution
		{194A4130-51FD-4571-9FD7-6445DFA8C88C}.Debug|x64.ActiveCfg = Debug|x64
		{194A4130-51FD-4571-9FD7-6445DFA8C88C}.Debug|x64.Build.0 = Debug|x64
		{194A4130-51FD-4571-9FD7-6445DFA8C88C}.Debug|x86.ActiveCfg = Debug|Win32
		{194A4130-51FD-4571-9FD7-6445DFA8C88C}.Debug|x86.Build.0 = Debug|Win32
		{194A4130-51FD-4571-9FD7-6445DFA8C88C}.Release|x64.ActiveCfg = Release|x64
		{194A4130-51FD-4571-9FD7-6445DFA8C88C}.Release|x64.Build.0 = Release|x64
		{194A4130-51FD-4571-9FD7-6445DFA8C88C}.Release|x86.ActiveCfg = Release|Win32
		{194A4130-51FD-4571-9FD7-6445DFA8C88C}.Release|x86.Build.0 = Release|Win32
	EndGlobalSection
	GlobalSection(SolutionProperties) = preSolution
		HideSolutionNode = FALSE
	EndGlobalSection
	GlobalSection(ExtensibilityGlobals) = postSolution
		SolutionGuid = {DCCD73D3-1592-4D1D-B288-4A24BC004B32}
	EndGlobalSection
EndGlobal
